// !$*UTF8*$!
{
	archiveVersion = 1;
	classes = {
	};
	objectVersion = 46;
	objects = {

/* Begin PBXBuildFile section */
		7D32545717381F7C003364B7 /* UIKit.framework in Frameworks */ = {isa = PBXBuildFile; fileRef = 7D32545617381F7C003364B7 /* UIKit.framework */; };
		7D32545917381F7C003364B7 /* Foundation.framework in Frameworks */ = {isa = PBXBuildFile; fileRef = 7D32545817381F7C003364B7 /* Foundation.framework */; };
		7D32545B17381F7C003364B7 /* CoreGraphics.framework in Frameworks */ = {isa = PBXBuildFile; fileRef = 7D32545A17381F7C003364B7 /* CoreGraphics.framework */; };
		7D32546117381F7C003364B7 /* InfoPlist.strings in Resources */ = {isa = PBXBuildFile; fileRef = 7D32545F17381F7C003364B7 /* InfoPlist.strings */; };
		7D32546317381F7C003364B7 /* main.m in Sources */ = {isa = PBXBuildFile; fileRef = 7D32546217381F7C003364B7 /* main.m */; };
		7D32546717381F7C003364B7 /* AppDelegate.m in Sources */ = {isa = PBXBuildFile; fileRef = 7D32546617381F7C003364B7 /* AppDelegate.m */; };
		7D32546917381F7C003364B7 /* Default.png in Resources */ = {isa = PBXBuildFile; fileRef = 7D32546817381F7C003364B7 /* Default.png */; };
		7D32546B17381F7C003364B7 /* Default@2x.png in Resources */ = {isa = PBXBuildFile; fileRef = 7D32546A17381F7C003364B7 /* Default@2x.png */; };
		7D32546D17381F7C003364B7 /* Default-568h@2x.png in Resources */ = {isa = PBXBuildFile; fileRef = 7D32546C17381F7C003364B7 /* Default-568h@2x.png */; };
		7D32547017381F7C003364B7 /* ViewController.m in Sources */ = {isa = PBXBuildFile; fileRef = 7D32546F17381F7C003364B7 /* ViewController.m */; };
		7D32547317381F7C003364B7 /* ViewController.xib in Resources */ = {isa = PBXBuildFile; fileRef = 7D32547117381F7C003364B7 /* ViewController.xib */; };
		7D32547A1738207B003364B7 /* MapKit.framework in Frameworks */ = {isa = PBXBuildFile; fileRef = 7D3254791738207B003364B7 /* MapKit.framework */; };
		7D32547C17382086003364B7 /* CoreLocation.framework in Frameworks */ = {isa = PBXBuildFile; fileRef = 7D32547B17382086003364B7 /* CoreLocation.framework */; };
/* End PBXBuildFile section */

/* Begin PBXFileReference section */
		7D32545317381F7C003364B7 /* MinhaLocalizacao.app */ = {isa = PBXFileReference; explicitFileType = wrapper.application; includeInIndex = 0; path = MinhaLocalizacao.app; sourceTree = BUILT_PRODUCTS_DIR; };
		7D32545617381F7C003364B7 /* UIKit.framework */ = {isa = PBXFileReference; lastKnownFileType = wrapper.framework; name = UIKit.framework; path = System/Library/Frameworks/UIKit.framework; sourceTree = SDKROOT; };
		7D32545817381F7C003364B7 /* Foundation.framework */ = {isa = PBXFileReference; lastKnownFileType = wrapper.framework; name = Foundation.framework; path = System/Library/Frameworks/Foundation.framework; sourceTree = SDKROOT; };
		7D32545A17381F7C003364B7 /* CoreGraphics.framework */ = {isa = PBXFileReference; lastKnownFileType = wrapper.framework; name = CoreGraphics.framework; path = System/Library/Frameworks/CoreGraphics.framework; sourceTree = SDKROOT; };
		7D32545E17381F7C003364B7 /* MinhaLocalizacao-Info.plist */ = {isa = PBXFileReference; lastKnownFileType = text.plist.xml; path = "MinhaLocalizacao-Info.plist"; sourceTree = "<group>"; };
		7D32546017381F7C003364B7 /* en */ = {isa = PBXFileReference; lastKnownFileType = text.plist.strings; name = en; path = en.lproj/InfoPlist.strings; sourceTree = "<group>"; };
		7D32546217381F7C003364B7 /* main.m */ = {isa = PBXFileReference; lastKnownFileType = sourcecode.c.objc; path = main.m; sourceTree = "<group>"; };
		7D32546417381F7C003364B7 /* MinhaLocalizacao-Prefix.pch */ = {isa = PBXFileReference; lastKnownFileType = sourcecode.c.h; path = "MinhaLocalizacao-Prefix.pch"; sourceTree = "<group>"; };
		7D32546517381F7C003364B7 /* AppDelegate.h */ = {isa = PBXFileReference; lastKnownFileType = sourcecode.c.h; path = AppDelegate.h; sourceTree = "<group>"; };
		7D32546617381F7C003364B7 /* AppDelegate.m */ = {isa = PBXFileReference; lastKnownFileType = sourcecode.c.objc; path = AppDelegate.m; sourceTree = "<group>"; };
		7D32546817381F7C003364B7 /* Default.png */ = {isa = PBXFileReference; lastKnownFileType = image.png; path = Default.png; sourceTree = "<group>"; };
		7D32546A17381F7C003364B7 /* Default@2x.png */ = {isa = PBXFileReference; lastKnownFileType = image.png; path = "Default@2x.png"; sourceTree = "<group>"; };
		7D32546C17381F7C003364B7 /* Default-568h@2x.png */ = {isa = PBXFileReference; lastKnownFileType = image.png; path = "Default-568h@2x.png"; sourceTree = "<group>"; };
		7D32546E17381F7C003364B7 /* ViewController.h */ = {isa = PBXFileReference; lastKnownFileType = sourcecode.c.h; path = ViewController.h; sourceTree = "<group>"; };
		7D32546F17381F7C003364B7 /* ViewController.m */ = {isa = PBXFileReference; lastKnownFileType = sourcecode.c.objc; path = ViewController.m; sourceTree = "<group>"; };
		7D32547217381F7C003364B7 /* en */ = {isa = PBXFileReference; lastKnownFileType = file.xib; name = en; path = en.lproj/ViewController.xib; sourceTree = "<group>"; };
		7D3254791738207B003364B7 /* MapKit.framework */ = {isa = PBXFileReference; lastKnownFileType = wrapper.framework; name = MapKit.framework; path = System/Library/Frameworks/MapKit.framework; sourceTree = SDKROOT; };
		7D32547B17382086003364B7 /* CoreLocation.framework */ = {isa = PBXFileReference; lastKnownFileType = wrapper.framework; name = CoreLocation.framework; path = System/Library/Frameworks/CoreLocation.framework; sourceTree = SDKROOT; };
/* End PBXFileReference section */

/* Begin PBXFrameworksBuildPhase section */
		7D32545017381F7C003364B7 /* Frameworks */ = {
			isa = PBXFrameworksBuildPhase;
			buildActionMask = 2147483647;
			files = (
				7D32547C17382086003364B7 /* CoreLocation.framework in Frameworks */,
				7D32547A1738207B003364B7 /* MapKit.framework in Frameworks */,
				7D32545717381F7C003364B7 /* UIKit.framework in Frameworks */,
				7D32545917381F7C003364B7 /* Foundation.framework in Frameworks */,
				7D32545B17381F7C003364B7 /* CoreGraphics.framework in Frameworks */,
			);
			runOnlyForDeploymentPostprocessing = 0;
		};
/* End PBXFrameworksBuildPhase section */

/* Begin PBXGroup section */
		7D32544A17381F7C003364B7 = {
			isa = PBXGroup;
			children = (
				7D32547B17382086003364B7 /* CoreLocation.framework */,
				7D3254791738207B003364B7 /* MapKit.framework */,
				7D32545C17381F7C003364B7 /* MinhaLocalizacao */,
				7D32545517381F7C003364B7 /* Frameworks */,
				7D32545417381F7C003364B7 /* Products */,
			);
			sourceTree = "<group>";
		};
		7D32545417381F7C003364B7 /* Products */ = {
			isa = PBXGroup;
			children = (
				7D32545317381F7C003364B7 /* MinhaLocalizacao.app */,
			);
			name = Products;
			sourceTree = "<group>";
		};
		7D32545517381F7C003364B7 /* Frameworks */ = {
			isa = PBXGroup;
			children = (
				7D32545617381F7C003364B7 /* UIKit.framework */,
				7D32545817381F7C003364B7 /* Foundation.framework */,
				7D32545A17381F7C003364B7 /* CoreGraphics.framework */,
			);
			name = Frameworks;
			sourceTree = "<group>";
		};
		7D32545C17381F7C003364B7 /* MinhaLocalizacao */ = {
			isa = PBXGroup;
			children = (
				7D32546517381F7C003364B7 /* AppDelegate.h */,
				7D32546617381F7C003364B7 /* AppDelegate.m */,
				7D32546E17381F7C003364B7 /* ViewController.h */,
				7D32546F17381F7C003364B7 /* ViewController.m */,
				7D32547117381F7C003364B7 /* ViewController.xib */,
				7D32545D17381F7C003364B7 /* Supporting Files */,
			);
			path = MinhaLocalizacao;
			sourceTree = "<group>";
		};
		7D32545D17381F7C003364B7 /* Supporting Files */ = {
			isa = PBXGroup;
			children = (
				7D32545E17381F7C003364B7 /* MinhaLocalizacao-Info.plist */,
				7D32545F17381F7C003364B7 /* InfoPlist.strings */,
				7D32546217381F7C003364B7 /* main.m */,
				7D32546417381F7C003364B7 /* MinhaLocalizacao-Prefix.pch */,
				7D32546817381F7C003364B7 /* Default.png */,
				7D32546A17381F7C003364B7 /* Default@2x.png */,
				7D32546C17381F7C003364B7 /* Default-568h@2x.png */,
			);
			name = "Supporting Files";
			sourceTree = "<group>";
		};
/* End PBXGroup section */

/* Begin PBXNativeTarget section */
		7D32545217381F7C003364B7 /* MinhaLocalizacao */ = {
			isa = PBXNativeTarget;
			buildConfigurationList = 7D32547617381F7C003364B7 /* Build configuration list for PBXNativeTarget "MinhaLocalizacao" */;
			buildPhases = (
				7D32544F17381F7C003364B7 /* Sources */,
				7D32545017381F7C003364B7 /* Frameworks */,
				7D32545117381F7C003364B7 /* Resources */,
			);
			buildRules = (
			);
			dependencies = (
			);
			name = MinhaLocalizacao;
			productName = MinhaLocalizacao;
			productReference = 7D32545317381F7C003364B7 /* MinhaLocalizacao.app */;
			productType = "com.apple.product-type.application";
		};
/* End PBXNativeTarget section */

/* Begin PBXProject section */
		7D32544B17381F7C003364B7 /* Project object */ = {
			isa = PBXProject;
			attributes = {
				LastUpgradeCheck = 0460;
				ORGANIZATIONNAME = "André Cocuroci";
			};
			buildConfigurationList = 7D32544E17381F7C003364B7 /* Build configuration list for PBXProject "MinhaLocalizacao" */;
			compatibilityVersion = "Xcode 3.2";
			developmentRegion = English;
			hasScannedForEncodings = 0;
			knownRegions = (
				en,
			);
			mainGroup = 7D32544A17381F7C003364B7;
			productRefGroup = 7D32545417381F7C003364B7 /* Products */;
			projectDirPath = "";
			projectRoot = "";
			targets = (
				7D32545217381F7C003364B7 /* MinhaLocalizacao */,
			);
		};
/* End PBXProject section */

/* Begin PBXResourcesBuildPhase section */
		7D32545117381F7C003364B7 /* Resources */ = {
			isa = PBXResourcesBuildPhase;
			buildActionMask = 2147483647;
			files = (
				7D32546117381F7C003364B7 /* InfoPlist.strings in Resources */,
				7D32546917381F7C003364B7 /* Default.png in Resources */,
				7D32546B17381F7C003364B7 /* Default@2x.png in Resources */,
				7D32546D17381F7C003364B7 /* Default-568h@2x.png in Resources */,
				7D32547317381F7C003364B7 /* ViewController.xib in Resources */,
			);
			runOnlyForDeploymentPostprocessing = 0;
		};
/* End PBXResourcesBuildPhase section */

/* Begin PBXSourcesBuildPhase section */
		7D32544F17381F7C003364B7 /* Sources */ = {
			isa = PBXSourcesBuildPhase;
			buildActionMask = 2147483647;
			files = (
				7D32546317381F7C003364B7 /* main.m in Sources */,
				7D32546717381F7C003364B7 /* AppDelegate.m in Sources */,
				7D32547017381F7C003364B7 /* ViewController.m in Sources */,
			);
			runOnlyForDeploymentPostprocessing = 0;
		};
/* End PBXSourcesBuildPhase section */

/* Begin PBXVariantGroup section */
		7D32545F17381F7C003364B7 /* InfoPlist.strings */ = {
			isa = PBXVariantGroup;
			children = (
				7D32546017381F7C003364B7 /* en */,
			);
			name = InfoPlist.strings;
			sourceTree = "<group>";
		};
		7D32547117381F7C003364B7 /* ViewController.xib */ = {
			isa = PBXVariantGroup;
			children = (
				7D32547217381F7C003364B7 /* en */,
			);
			name = ViewController.xib;
			sourceTree = "<group>";
		};
/* End PBXVariantGroup section */

/* Begin XCBuildConfiguration section */
		7D32547417381F7C003364B7 /* Debug */ = {
			isa = XCBuildConfiguration;
			buildSettings = {
				ALWAYS_SEARCH_USER_PATHS = NO;
				CLANG_CXX_LANGUAGE_STANDARD = "gnu++0x";
				CLANG_CXX_LIBRARY = "libc++";
				CLANG_WARN_CONSTANT_CONVERSION = YES;
				CLANG_WARN_EMPTY_BODY = YES;
				CLANG_WARN_ENUM_CONVERSION = YES;
				CLANG_WARN_INT_CONVERSION = YES;
				CLANG_WARN__DUPLICATE_METHOD_MATCH = YES;
				"CODE_SIGN_IDENTITY[sdk=iphoneos*]" = "iPhone Developer";
				COPY_PHASE_STRIP = NO;
				GCC_C_LANGUAGE_STANDARD = gnu99;
				GCC_DYNAMIC_NO_PIC = NO;
				GCC_OPTIMIZATION_LEVEL = 0;
				GCC_PREPROCESSOR_DEFINITIONS = (
					"DEBUG=1",
					"$(inherited)",
				);
				GCC_SYMBOLS_PRIVATE_EXTERN = NO;
				GCC_WARN_ABOUT_RETURN_TYPE = YES;
				GCC_WARN_UNINITIALIZED_AUTOS = YES;
				GCC_WARN_UNUSED_VARIABLE = YES;
				IPHONEOS_DEPLOYMENT_TARGET = 5.1;
				ONLY_ACTIVE_ARCH = YES;
				SDKROOT = iphoneos;
			};
			name = Debug;
		};
		7D32547517381F7C003364B7 /* Release */ = {
			isa = XCBuildConfiguration;
			buildSettings = {
				ALWAYS_SEARCH_USER_PATHS = NO;
				CLANG_CXX_LANGUAGE_STANDARD = "gnu++0x";
				CLANG_CXX_LIBRARY = "libc++";
				CLANG_WARN_CONSTANT_CONVERSION = YES;
				CLANG_WARN_EMPTY_BODY = YES;
				CLANG_WARN_ENUM_CONVERSION = YES;
				CLANG_WARN_INT_CONVERSION = YES;
				CLANG_WARN__DUPLICATE_METHOD_MATCH = YES;
				"CODE_SIGN_IDENTITY[sdk=iphoneos*]" = "iPhone Developer";
				COPY_PHASE_STRIP = YES;
				GCC_C_LANGUAGE_STANDARD = gnu99;
				GCC_WARN_ABOUT_RETURN_TYPE = YES;
				GCC_WARN_UNINITIALIZED_AUTOS = YES;
				GCC_WARN_UNUSED_VARIABLE = YES;
				IPHONEOS_DEPLOYMENT_TARGET = 5.1;
				OTHER_CFLAGS = "-DNS_BLOCK_ASSERTIONS=1";
				SDKROOT = iphoneos;
				VALIDATE_PRODUCT = YES;
			};
			name = Release;
		};
		7D32547717381F7C003364B7 /* Debug */ = {
			isa = XCBuildConfiguration;
			buildSettings = {
				GCC_PRECOMPILE_PREFIX_HEADER = YES;
				GCC_PREFIX_HEADER = "MinhaLocalizacao/MinhaLocalizacao-Prefix.pch";
				INFOPLIST_FILE = "MinhaLocalizacao/MinhaLocalizacao-Info.plist";
				PRODUCT_NAME = "$(TARGET_NAME)";
				WRAPPER_EXTENSION = app;
			};
			name = Debug;
		};
		7D32547817381F7C003364B7 /* Release */ = {
			isa = XCBuildConfiguration;
			buildSettings = {
				GCC_PRECOMPILE_PREFIX_HEADER = YES;
				GCC_PREFIX_HEADER = "MinhaLocalizacao/MinhaLocalizacao-Prefix.pch";
				INFOPLIST_FILE = "MinhaLocalizacao/MinhaLocalizacao-Info.plist";
				PRODUCT_NAME = "$(TARGET_NAME)";
				WRAPPER_EXTENSION = app;
			};
			name = Release;
		};
/* End XCBuildConfiguration section */

/* Begin XCConfigurationList section */
		7D32544E17381F7C003364B7 /* Build configuration list for PBXProject "MinhaLocalizacao" */ = {
			isa = XCConfigurationList;
			buildConfigurations = (
				7D32547417381F7C003364B7 /* Debug */,
				7D32547517381F7C003364B7 /* Release */,
			);
			defaultConfigurationIsVisible = 0;
			defaultConfigurationName = Release;
		};
		7D32547617381F7C003364B7 /* Build configuration list for PBXNativeTarget "MinhaLocalizacao" */ = {
			isa = XCConfigurationList;
			buildConfigurations = (
				7D32547717381F7C003364B7 /* Debug */,
				7D32547817381F7C003364B7 /* Release */,
			);
			defaultConfigurationIsVisible = 0;
		};
/* End XCConfigurationList section */
	};
	rootObject = 7D32544B17381F7C003364B7 /* Project object */;
}
