// !$*UTF8*$!
{
	archiveVersion = 1;
	classes = {
	};
	objectVersion = 46;
	objects = {

/* Begin PBXBuildFile section */
		7D255F6417344ED600BC248C /* UIKit.framework in Frameworks */ = {isa = PBXBuildFile; fileRef = 7D255F6317344ED600BC248C /* UIKit.framework */; };
		7D255F6617344ED600BC248C /* Foundation.framework in Frameworks */ = {isa = PBXBuildFile; fileRef = 7D255F6517344ED600BC248C /* Foundation.framework */; };
		7D255F6817344ED600BC248C /* CoreGraphics.framework in Frameworks */ = {isa = PBXBuildFile; fileRef = 7D255F6717344ED600BC248C /* CoreGraphics.framework */; };
		7D255F6E17344ED700BC248C /* InfoPlist.strings in Resources */ = {isa = PBXBuildFile; fileRef = 7D255F6C17344ED700BC248C /* InfoPlist.strings */; };
		7D255F7017344ED700BC248C /* main.m in Sources */ = {isa = PBXBuildFile; fileRef = 7D255F6F17344ED700BC248C /* main.m */; };
		7D255F7417344ED700BC248C /* AppDelegate.m in Sources */ = {isa = PBXBuildFile; fileRef = 7D255F7317344ED700BC248C /* AppDelegate.m */; };
		7D255F7617344ED700BC248C /* Default.png in Resources */ = {isa = PBXBuildFile; fileRef = 7D255F7517344ED700BC248C /* Default.png */; };
		7D255F7817344ED700BC248C /* Default@2x.png in Resources */ = {isa = PBXBuildFile; fileRef = 7D255F7717344ED700BC248C /* Default@2x.png */; };
		7D255F7A17344ED700BC248C /* Default-568h@2x.png in Resources */ = {isa = PBXBuildFile; fileRef = 7D255F7917344ED700BC248C /* Default-568h@2x.png */; };
		7D255F7D17344ED700BC248C /* ViewController.m in Sources */ = {isa = PBXBuildFile; fileRef = 7D255F7C17344ED700BC248C /* ViewController.m */; };
		7D255F8017344ED700BC248C /* ViewController.xib in Resources */ = {isa = PBXBuildFile; fileRef = 7D255F7E17344ED700BC248C /* ViewController.xib */; };
		7D255F9A17344F0C00BC248C /* AFHTTPClient.m in Sources */ = {isa = PBXBuildFile; fileRef = 7D255F8817344F0C00BC248C /* AFHTTPClient.m */; };
		7D255F9B17344F0C00BC248C /* AFHTTPRequestOperation.m in Sources */ = {isa = PBXBuildFile; fileRef = 7D255F8A17344F0C00BC248C /* AFHTTPRequestOperation.m */; };
		7D255F9C17344F0C00BC248C /* AFImageRequestOperation.m in Sources */ = {isa = PBXBuildFile; fileRef = 7D255F8C17344F0C00BC248C /* AFImageRequestOperation.m */; };
		7D255F9D17344F0C00BC248C /* AFJSONRequestOperation.m in Sources */ = {isa = PBXBuildFile; fileRef = 7D255F8E17344F0C00BC248C /* AFJSONRequestOperation.m */; };
		7D255F9E17344F0C00BC248C /* AFNetworkActivityIndicatorManager.m in Sources */ = {isa = PBXBuildFile; fileRef = 7D255F9017344F0C00BC248C /* AFNetworkActivityIndicatorManager.m */; };
		7D255F9F17344F0C00BC248C /* AFPropertyListRequestOperation.m in Sources */ = {isa = PBXBuildFile; fileRef = 7D255F9317344F0C00BC248C /* AFPropertyListRequestOperation.m */; };
		7D255FA017344F0C00BC248C /* AFURLConnectionOperation.m in Sources */ = {isa = PBXBuildFile; fileRef = 7D255F9517344F0C00BC248C /* AFURLConnectionOperation.m */; };
		7D255FA117344F0C00BC248C /* AFXMLRequestOperation.m in Sources */ = {isa = PBXBuildFile; fileRef = 7D255F9717344F0C00BC248C /* AFXMLRequestOperation.m */; };
		7D255FA217344F0C00BC248C /* UIImageView+AFNetworking.m in Sources */ = {isa = PBXBuildFile; fileRef = 7D255F9917344F0C00BC248C /* UIImageView+AFNetworking.m */; };
/* End PBXBuildFile section */

/* Begin PBXFileReference section */
		7D255F6017344ED600BC248C /* NetworkingFlickr.app */ = {isa = PBXFileReference; explicitFileType = wrapper.application; includeInIndex = 0; path = NetworkingFlickr.app; sourceTree = BUILT_PRODUCTS_DIR; };
		7D255F6317344ED600BC248C /* UIKit.framework */ = {isa = PBXFileReference; lastKnownFileType = wrapper.framework; name = UIKit.framework; path = System/Library/Frameworks/UIKit.framework; sourceTree = SDKROOT; };
		7D255F6517344ED600BC248C /* Foundation.framework */ = {isa = PBXFileReference; lastKnownFileType = wrapper.framework; name = Foundation.framework; path = System/Library/Frameworks/Foundation.framework; sourceTree = SDKROOT; };
		7D255F6717344ED600BC248C /* CoreGraphics.framework */ = {isa = PBXFileReference; lastKnownFileType = wrapper.framework; name = CoreGraphics.framework; path = System/Library/Frameworks/CoreGraphics.framework; sourceTree = SDKROOT; };
		7D255F6B17344ED700BC248C /* NetworkingFlickr-Info.plist */ = {isa = PBXFileReference; lastKnownFileType = text.plist.xml; path = "NetworkingFlickr-Info.plist"; sourceTree = "<group>"; };
		7D255F6D17344ED700BC248C /* en */ = {isa = PBXFileReference; lastKnownFileType = text.plist.strings; name = en; path = en.lproj/InfoPlist.strings; sourceTree = "<group>"; };
		7D255F6F17344ED700BC248C /* main.m */ = {isa = PBXFileReference; lastKnownFileType = sourcecode.c.objc; path = main.m; sourceTree = "<group>"; };
		7D255F7117344ED700BC248C /* NetworkingFlickr-Prefix.pch */ = {isa = PBXFileReference; lastKnownFileType = sourcecode.c.h; path = "NetworkingFlickr-Prefix.pch"; sourceTree = "<group>"; };
		7D255F7217344ED700BC248C /* AppDelegate.h */ = {isa = PBXFileReference; lastKnownFileType = sourcecode.c.h; path = AppDelegate.h; sourceTree = "<group>"; };
		7D255F7317344ED700BC248C /* AppDelegate.m */ = {isa = PBXFileReference; lastKnownFileType = sourcecode.c.objc; path = AppDelegate.m; sourceTree = "<group>"; };
		7D255F7517344ED700BC248C /* Default.png */ = {isa = PBXFileReference; lastKnownFileType = image.png; path = Default.png; sourceTree = "<group>"; };
		7D255F7717344ED700BC248C /* Default@2x.png */ = {isa = PBXFileReference; lastKnownFileType = image.png; path = "Default@2x.png"; sourceTree = "<group>"; };
		7D255F7917344ED700BC248C /* Default-568h@2x.png */ = {isa = PBXFileReference; lastKnownFileType = image.png; path = "Default-568h@2x.png"; sourceTree = "<group>"; };
		7D255F7B17344ED700BC248C /* ViewController.h */ = {isa = PBXFileReference; lastKnownFileType = sourcecode.c.h; path = ViewController.h; sourceTree = "<group>"; };
		7D255F7C17344ED700BC248C /* ViewController.m */ = {isa = PBXFileReference; lastKnownFileType = sourcecode.c.objc; path = ViewController.m; sourceTree = "<group>"; };
		7D255F7F17344ED700BC248C /* en */ = {isa = PBXFileReference; lastKnownFileType = file.xib; name = en; path = en.lproj/ViewController.xib; sourceTree = "<group>"; };
		7D255F8717344F0C00BC248C /* AFHTTPClient.h */ = {isa = PBXFileReference; fileEncoding = 4; lastKnownFileType = sourcecode.c.h; path = AFHTTPClient.h; sourceTree = "<group>"; };
		7D255F8817344F0C00BC248C /* AFHTTPClient.m */ = {isa = PBXFileReference; fileEncoding = 4; lastKnownFileType = sourcecode.c.objc; path = AFHTTPClient.m; sourceTree = "<group>"; };
		7D255F8917344F0C00BC248C /* AFHTTPRequestOperation.h */ = {isa = PBXFileReference; fileEncoding = 4; lastKnownFileType = sourcecode.c.h; path = AFHTTPRequestOperation.h; sourceTree = "<group>"; };
		7D255F8A17344F0C00BC248C /* AFHTTPRequestOperation.m */ = {isa = PBXFileReference; fileEncoding = 4; lastKnownFileType = sourcecode.c.objc; path = AFHTTPRequestOperation.m; sourceTree = "<group>"; };
		7D255F8B17344F0C00BC248C /* AFImageRequestOperation.h */ = {isa = PBXFileReference; fileEncoding = 4; lastKnownFileType = sourcecode.c.h; path = AFImageRequestOperation.h; sourceTree = "<group>"; };
		7D255F8C17344F0C00BC248C /* AFImageRequestOperation.m */ = {isa = PBXFileReference; fileEncoding = 4; lastKnownFileType = sourcecode.c.objc; path = AFImageRequestOperation.m; sourceTree = "<group>"; };
		7D255F8D17344F0C00BC248C /* AFJSONRequestOperation.h */ = {isa = PBXFileReference; fileEncoding = 4; lastKnownFileType = sourcecode.c.h; path = AFJSONRequestOperation.h; sourceTree = "<group>"; };
		7D255F8E17344F0C00BC248C /* AFJSONRequestOperation.m */ = {isa = PBXFileReference; fileEncoding = 4; lastKnownFileType = sourcecode.c.objc; path = AFJSONRequestOperation.m; sourceTree = "<group>"; };
		7D255F8F17344F0C00BC248C /* AFNetworkActivityIndicatorManager.h */ = {isa = PBXFileReference; fileEncoding = 4; lastKnownFileType = sourcecode.c.h; path = AFNetworkActivityIndicatorManager.h; sourceTree = "<group>"; };
		7D255F9017344F0C00BC248C /* AFNetworkActivityIndicatorManager.m */ = {isa = PBXFileReference; fileEncoding = 4; lastKnownFileType = sourcecode.c.objc; path = AFNetworkActivityIndicatorManager.m; sourceTree = "<group>"; };
		7D255F9117344F0C00BC248C /* AFNetworking.h */ = {isa = PBXFileReference; fileEncoding = 4; lastKnownFileType = sourcecode.c.h; path = AFNetworking.h; sourceTree = "<group>"; };
		7D255F9217344F0C00BC248C /* AFPropertyListRequestOperation.h */ = {isa = PBXFileReference; fileEncoding = 4; lastKnownFileType = sourcecode.c.h; path = AFPropertyListRequestOperation.h; sourceTree = "<group>"; };
		7D255F9317344F0C00BC248C /* AFPropertyListRequestOperation.m */ = {isa = PBXFileReference; fileEncoding = 4; lastKnownFileType = sourcecode.c.objc; path = AFPropertyListRequestOperation.m; sourceTree = "<group>"; };
		7D255F9417344F0C00BC248C /* AFURLConnectionOperation.h */ = {isa = PBXFileReference; fileEncoding = 4; lastKnownFileType = sourcecode.c.h; path = AFURLConnectionOperation.h; sourceTree = "<group>"; };
		7D255F9517344F0C00BC248C /* AFURLConnectionOperation.m */ = {isa = PBXFileReference; fileEncoding = 4; lastKnownFileType = sourcecode.c.objc; path = AFURLConnectionOperation.m; sourceTree = "<group>"; };
		7D255F9617344F0C00BC248C /* AFXMLRequestOperation.h */ = {isa = PBXFileReference; fileEncoding = 4; lastKnownFileType = sourcecode.c.h; path = AFXMLRequestOperation.h; sourceTree = "<group>"; };
		7D255F9717344F0C00BC248C /* AFXMLRequestOperation.m */ = {isa = PBXFileReference; fileEncoding = 4; lastKnownFileType = sourcecode.c.objc; path = AFXMLRequestOperation.m; sourceTree = "<group>"; };
		7D255F9817344F0C00BC248C /* UIImageView+AFNetworking.h */ = {isa = PBXFileReference; fileEncoding = 4; lastKnownFileType = sourcecode.c.h; path = "UIImageView+AFNetworking.h"; sourceTree = "<group>"; };
		7D255F9917344F0C00BC248C /* UIImageView+AFNetworking.m */ = {isa = PBXFileReference; fileEncoding = 4; lastKnownFileType = sourcecode.c.objc; path = "UIImageView+AFNetworking.m"; sourceTree = "<group>"; };
/* End PBXFileReference section */

/* Begin PBXFrameworksBuildPhase section */
		7D255F5D17344ED600BC248C /* Frameworks */ = {
			isa = PBXFrameworksBuildPhase;
			buildActionMask = 2147483647;
			files = (
				7D255F6417344ED600BC248C /* UIKit.framework in Frameworks */,
				7D255F6617344ED600BC248C /* Foundation.framework in Frameworks */,
				7D255F6817344ED600BC248C /* CoreGraphics.framework in Frameworks */,
			);
			runOnlyForDeploymentPostprocessing = 0;
		};
/* End PBXFrameworksBuildPhase section */

/* Begin PBXGroup section */
		7D255F5717344ED600BC248C = {
			isa = PBXGroup;
			children = (
				7D255F8617344F0C00BC248C /* AFNetworking */,
				7D255F6917344ED700BC248C /* NetworkingFlickr */,
				7D255F6217344ED600BC248C /* Frameworks */,
				7D255F6117344ED600BC248C /* Products */,
			);
			sourceTree = "<group>";
		};
		7D255F6117344ED600BC248C /* Products */ = {
			isa = PBXGroup;
			children = (
				7D255F6017344ED600BC248C /* NetworkingFlickr.app */,
			);
			name = Products;
			sourceTree = "<group>";
		};
		7D255F6217344ED600BC248C /* Frameworks */ = {
			isa = PBXGroup;
			children = (
				7D255F6317344ED600BC248C /* UIKit.framework */,
				7D255F6517344ED600BC248C /* Foundation.framework */,
				7D255F6717344ED600BC248C /* CoreGraphics.framework */,
			);
			name = Frameworks;
			sourceTree = "<group>";
		};
		7D255F6917344ED700BC248C /* NetworkingFlickr */ = {
			isa = PBXGroup;
			children = (
				7D255F7217344ED700BC248C /* AppDelegate.h */,
				7D255F7317344ED700BC248C /* AppDelegate.m */,
				7D255F7B17344ED700BC248C /* ViewController.h */,
				7D255F7C17344ED700BC248C /* ViewController.m */,
				7D255F7E17344ED700BC248C /* ViewController.xib */,
				7D255F6A17344ED700BC248C /* Supporting Files */,
			);
			path = NetworkingFlickr;
			sourceTree = "<group>";
		};
		7D255F6A17344ED700BC248C /* Supporting Files */ = {
			isa = PBXGroup;
			children = (
				7D255F6B17344ED700BC248C /* NetworkingFlickr-Info.plist */,
				7D255F6C17344ED700BC248C /* InfoPlist.strings */,
				7D255F6F17344ED700BC248C /* main.m */,
				7D255F7117344ED700BC248C /* NetworkingFlickr-Prefix.pch */,
				7D255F7517344ED700BC248C /* Default.png */,
				7D255F7717344ED700BC248C /* Default@2x.png */,
				7D255F7917344ED700BC248C /* Default-568h@2x.png */,
			);
			name = "Supporting Files";
			sourceTree = "<group>";
		};
		7D255F8617344F0C00BC248C /* AFNetworking */ = {
			isa = PBXGroup;
			children = (
				7D255F8717344F0C00BC248C /* AFHTTPClient.h */,
				7D255F8817344F0C00BC248C /* AFHTTPClient.m */,
				7D255F8917344F0C00BC248C /* AFHTTPRequestOperation.h */,
				7D255F8A17344F0C00BC248C /* AFHTTPRequestOperation.m */,
				7D255F8B17344F0C00BC248C /* AFImageRequestOperation.h */,
				7D255F8C17344F0C00BC248C /* AFImageRequestOperation.m */,
				7D255F8D17344F0C00BC248C /* AFJSONRequestOperation.h */,
				7D255F8E17344F0C00BC248C /* AFJSONRequestOperation.m */,
				7D255F8F17344F0C00BC248C /* AFNetworkActivityIndicatorManager.h */,
				7D255F9017344F0C00BC248C /* AFNetworkActivityIndicatorManager.m */,
				7D255F9117344F0C00BC248C /* AFNetworking.h */,
				7D255F9217344F0C00BC248C /* AFPropertyListRequestOperation.h */,
				7D255F9317344F0C00BC248C /* AFPropertyListRequestOperation.m */,
				7D255F9417344F0C00BC248C /* AFURLConnectionOperation.h */,
				7D255F9517344F0C00BC248C /* AFURLConnectionOperation.m */,
				7D255F9617344F0C00BC248C /* AFXMLRequestOperation.h */,
				7D255F9717344F0C00BC248C /* AFXMLRequestOperation.m */,
				7D255F9817344F0C00BC248C /* UIImageView+AFNetworking.h */,
				7D255F9917344F0C00BC248C /* UIImageView+AFNetworking.m */,
			);
			path = AFNetworking;
			sourceTree = "<group>";
		};
/* End PBXGroup section */

/* Begin PBXNativeTarget section */
		7D255F5F17344ED600BC248C /* NetworkingFlickr */ = {
			isa = PBXNativeTarget;
			buildConfigurationList = 7D255F8317344ED700BC248C /* Build configuration list for PBXNativeTarget "NetworkingFlickr" */;
			buildPhases = (
				7D255F5C17344ED600BC248C /* Sources */,
				7D255F5D17344ED600BC248C /* Frameworks */,
				7D255F5E17344ED600BC248C /* Resources */,
			);
			buildRules = (
			);
			dependencies = (
			);
			name = NetworkingFlickr;
			productName = NetworkingFlickr;
			productReference = 7D255F6017344ED600BC248C /* NetworkingFlickr.app */;
			productType = "com.apple.product-type.application";
		};
/* End PBXNativeTarget section */

/* Begin PBXProject section */
		7D255F5817344ED600BC248C /* Project object */ = {
			isa = PBXProject;
			attributes = {
				LastUpgradeCheck = 0460;
				ORGANIZATIONNAME = "André Cocuroci";
			};
			buildConfigurationList = 7D255F5B17344ED600BC248C /* Build configuration list for PBXProject "NetworkingFlickr" */;
			compatibilityVersion = "Xcode 3.2";
			developmentRegion = English;
			hasScannedForEncodings = 0;
			knownRegions = (
				en,
			);
			mainGroup = 7D255F5717344ED600BC248C;
			productRefGroup = 7D255F6117344ED600BC248C /* Products */;
			projectDirPath = "";
			projectRoot = "";
			targets = (
				7D255F5F17344ED600BC248C /* NetworkingFlickr */,
			);
		};
/* End PBXProject section */

/* Begin PBXResourcesBuildPhase section */
		7D255F5E17344ED600BC248C /* Resources */ = {
			isa = PBXResourcesBuildPhase;
			buildActionMask = 2147483647;
			files = (
				7D255F6E17344ED700BC248C /* InfoPlist.strings in Resources */,
				7D255F7617344ED700BC248C /* Default.png in Resources */,
				7D255F7817344ED700BC248C /* Default@2x.png in Resources */,
				7D255F7A17344ED700BC248C /* Default-568h@2x.png in Resources */,
				7D255F8017344ED700BC248C /* ViewController.xib in Resources */,
			);
			runOnlyForDeploymentPostprocessing = 0;
		};
/* End PBXResourcesBuildPhase section */

/* Begin PBXSourcesBuildPhase section */
		7D255F5C17344ED600BC248C /* Sources */ = {
			isa = PBXSourcesBuildPhase;
			buildActionMask = 2147483647;
			files = (
				7D255F7017344ED700BC248C /* main.m in Sources */,
				7D255F7417344ED700BC248C /* AppDelegate.m in Sources */,
				7D255F7D17344ED700BC248C /* ViewController.m in Sources */,
				7D255F9A17344F0C00BC248C /* AFHTTPClient.m in Sources */,
				7D255F9B17344F0C00BC248C /* AFHTTPRequestOperation.m in Sources */,
				7D255F9C17344F0C00BC248C /* AFImageRequestOperation.m in Sources */,
				7D255F9D17344F0C00BC248C /* AFJSONRequestOperation.m in Sources */,
				7D255F9E17344F0C00BC248C /* AFNetworkActivityIndicatorManager.m in Sources */,
				7D255F9F17344F0C00BC248C /* AFPropertyListRequestOperation.m in Sources */,
				7D255FA017344F0C00BC248C /* AFURLConnectionOperation.m in Sources */,
				7D255FA117344F0C00BC248C /* AFXMLRequestOperation.m in Sources */,
				7D255FA217344F0C00BC248C /* UIImageView+AFNetworking.m in Sources */,
			);
			runOnlyForDeploymentPostprocessing = 0;
		};
/* End PBXSourcesBuildPhase section */

/* Begin PBXVariantGroup section */
		7D255F6C17344ED700BC248C /* InfoPlist.strings */ = {
			isa = PBXVariantGroup;
			children = (
				7D255F6D17344ED700BC248C /* en */,
			);
			name = InfoPlist.strings;
			sourceTree = "<group>";
		};
		7D255F7E17344ED700BC248C /* ViewController.xib */ = {
			isa = PBXVariantGroup;
			children = (
				7D255F7F17344ED700BC248C /* en */,
			);
			name = ViewController.xib;
			sourceTree = "<group>";
		};
/* End PBXVariantGroup section */

/* Begin XCBuildConfiguration section */
		7D255F8117344ED700BC248C /* Debug */ = {
			isa = XCBuildConfiguration;
			buildSettings = {
				ALWAYS_SEARCH_USER_PATHS = NO;
				CLANG_CXX_LANGUAGE_STANDARD = "gnu++0x";
				CLANG_CXX_LIBRARY = "libc++";
				CLANG_ENABLE_OBJC_ARC = YES;
				CLANG_WARN_CONSTANT_CONVERSION = YES;
				CLANG_WARN_EMPTY_BODY = YES;
				CLANG_WARN_ENUM_CONVERSION = YES;
				CLANG_WARN_INT_CONVERSION = YES;
				CLANG_WARN__DUPLICATE_METHOD_MATCH = YES;
				"CODE_SIGN_IDENTITY[sdk=iphoneos*]" = "iPhone Developer";
				COPY_PHASE_STRIP = NO;
				GCC_C_LANGUAGE_STANDARD = gnu99;
				GCC_DYNAMIC_NO_PIC = NO;
				GCC_OPTIMIZATION_LEVEL = 0;
				GCC_PREPROCESSOR_DEFINITIONS = (
					"DEBUG=1",
					"$(inherited)",
				);
				GCC_SYMBOLS_PRIVATE_EXTERN = NO;
				GCC_WARN_ABOUT_RETURN_TYPE = YES;
				GCC_WARN_UNINITIALIZED_AUTOS = YES;
				GCC_WARN_UNUSED_VARIABLE = YES;
				IPHONEOS_DEPLOYMENT_TARGET = 6.1;
				ONLY_ACTIVE_ARCH = YES;
				SDKROOT = iphoneos;
			};
			name = Debug;
		};
		7D255F8217344ED700BC248C /* Release */ = {
			isa = XCBuildConfiguration;
			buildSettings = {
				ALWAYS_SEARCH_USER_PATHS = NO;
				CLANG_CXX_LANGUAGE_STANDARD = "gnu++0x";
				CLANG_CXX_LIBRARY = "libc++";
				CLANG_ENABLE_OBJC_ARC = YES;
				CLANG_WARN_CONSTANT_CONVERSION = YES;
				CLANG_WARN_EMPTY_BODY = YES;
				CLANG_WARN_ENUM_CONVERSION = YES;
				CLANG_WARN_INT_CONVERSION = YES;
				CLANG_WARN__DUPLICATE_METHOD_MATCH = YES;
				"CODE_SIGN_IDENTITY[sdk=iphoneos*]" = "iPhone Developer";
				COPY_PHASE_STRIP = YES;
				GCC_C_LANGUAGE_STANDARD = gnu99;
				GCC_WARN_ABOUT_RETURN_TYPE = YES;
				GCC_WARN_UNINITIALIZED_AUTOS = YES;
				GCC_WARN_UNUSED_VARIABLE = YES;
				IPHONEOS_DEPLOYMENT_TARGET = 6.1;
				OTHER_CFLAGS = "-DNS_BLOCK_ASSERTIONS=1";
				SDKROOT = iphoneos;
				VALIDATE_PRODUCT = YES;
			};
			name = Release;
		};
		7D255F8417344ED700BC248C /* Debug */ = {
			isa = XCBuildConfiguration;
			buildSettings = {
				GCC_PRECOMPILE_PREFIX_HEADER = YES;
				GCC_PREFIX_HEADER = "NetworkingFlickr/NetworkingFlickr-Prefix.pch";
				INFOPLIST_FILE = "NetworkingFlickr/NetworkingFlickr-Info.plist";
				IPHONEOS_DEPLOYMENT_TARGET = 5.1;
				PRODUCT_NAME = "$(TARGET_NAME)";
				WRAPPER_EXTENSION = app;
			};
			name = Debug;
		};
		7D255F8517344ED700BC248C /* Release */ = {
			isa = XCBuildConfiguration;
			buildSettings = {
				GCC_PRECOMPILE_PREFIX_HEADER = YES;
				GCC_PREFIX_HEADER = "NetworkingFlickr/NetworkingFlickr-Prefix.pch";
				INFOPLIST_FILE = "NetworkingFlickr/NetworkingFlickr-Info.plist";
				IPHONEOS_DEPLOYMENT_TARGET = 5.1;
				PRODUCT_NAME = "$(TARGET_NAME)";
				WRAPPER_EXTENSION = app;
			};
			name = Release;
		};
/* End XCBuildConfiguration section */

/* Begin XCConfigurationList section */
		7D255F5B17344ED600BC248C /* Build configuration list for PBXProject "NetworkingFlickr" */ = {
			isa = XCConfigurationList;
			buildConfigurations = (
				7D255F8117344ED700BC248C /* Debug */,
				7D255F8217344ED700BC248C /* Release */,
			);
			defaultConfigurationIsVisible = 0;
			defaultConfigurationName = Release;
		};
		7D255F8317344ED700BC248C /* Build configuration list for PBXNativeTarget "NetworkingFlickr" */ = {
			isa = XCConfigurationList;
			buildConfigurations = (
				7D255F8417344ED700BC248C /* Debug */,
				7D255F8517344ED700BC248C /* Release */,
			);
			defaultConfigurationIsVisible = 0;
		};
/* End XCConfigurationList section */
	};
	rootObject = 7D255F5817344ED600BC248C /* Project object */;
}
